// !$*UTF8*$!
{
	archiveVersion = 1;
	classes = {
	};
	objectVersion = 46;
	objects = {

/* Begin PBXBuildFile section */
		218FD87D1ADDDC6E008C2648 /* AppDelegate.swift in Sources */ = {isa = PBXBuildFile; fileRef = 218FD87C1ADDDC6E008C2648 /* AppDelegate.swift */; };
		218FD87F1ADDDC6E008C2648 /* ViewController.swift in Sources */ = {isa = PBXBuildFile; fileRef = 218FD87E1ADDDC6E008C2648 /* ViewController.swift */; };
		218FD8821ADDDC6E008C2648 /* Main.storyboard in Resources */ = {isa = PBXBuildFile; fileRef = 218FD8801ADDDC6E008C2648 /* Main.storyboard */; };
		218FD8841ADDDC6E008C2648 /* Images.xcassets in Resources */ = {isa = PBXBuildFile; fileRef = 218FD8831ADDDC6E008C2648 /* Images.xcassets */; };
		218FD8871ADDDC6E008C2648 /* LaunchScreen.xib in Resources */ = {isa = PBXBuildFile; fileRef = 218FD8851ADDDC6E008C2648 /* LaunchScreen.xib */; };
		218FD8931ADDDC6E008C2648 /* ContactsTests.swift in Sources */ = {isa = PBXBuildFile; fileRef = 218FD8921ADDDC6E008C2648 /* ContactsTests.swift */; };
/* End PBXBuildFile section */

/* Begin PBXContainerItemProxy section */
		218FD88D1ADDDC6E008C2648 /* PBXContainerItemProxy */ = {
			isa = PBXContainerItemProxy;
			containerPortal = 218FD86F1ADDDC6E008C2648 /* Project object */;
			proxyType = 1;
			remoteGlobalIDString = 218FD8761ADDDC6E008C2648;
			remoteInfo = Contacts;
		};
/* End PBXContainerItemProxy section */

/* Begin PBXFileReference section */
		218FD8771ADDDC6E008C2648 /* Contacts.app */ = {isa = PBXFileReference; explicitFileType = wrapper.application; includeInIndex = 0; path = Contacts.app; sourceTree = BUILT_PRODUCTS_DIR; };
		218FD87B1ADDDC6E008C2648 /* Info.plist */ = {isa = PBXFileReference; lastKnownFileType = text.plist.xml; path = Info.plist; sourceTree = "<group>"; };
		218FD87C1ADDDC6E008C2648 /* AppDelegate.swift */ = {isa = PBXFileReference; lastKnownFileType = sourcecode.swift; path = AppDelegate.swift; sourceTree = "<group>"; };
		218FD87E1ADDDC6E008C2648 /* ViewController.swift */ = {isa = PBXFileReference; lastKnownFileType = sourcecode.swift; path = ViewController.swift; sourceTree = "<group>"; };
		218FD8811ADDDC6E008C2648 /* Base */ = {isa = PBXFileReference; lastKnownFileType = file.storyboard; name = Base; path = Base.lproj/Main.storyboard; sourceTree = "<group>"; };
		218FD8831ADDDC6E008C2648 /* Images.xcassets */ = {isa = PBXFileReference; lastKnownFileType = folder.assetcatalog; path = Images.xcassets; sourceTree = "<group>"; };
		218FD8861ADDDC6E008C2648 /* Base */ = {isa = PBXFileReference; lastKnownFileType = file.xib; name = Base; path = Base.lproj/LaunchScreen.xib; sourceTree = "<group>"; };
		218FD88C1ADDDC6E008C2648 /* ContactsTests.xctest */ = {isa = PBXFileReference; explicitFileType = wrapper.cfbundle; includeInIndex = 0; path = ContactsTests.xctest; sourceTree = BUILT_PRODUCTS_DIR; };
		218FD8911ADDDC6E008C2648 /* Info.plist */ = {isa = PBXFileReference; lastKnownFileType = text.plist.xml; path = Info.plist; sourceTree = "<group>"; };
		218FD8921ADDDC6E008C2648 /* ContactsTests.swift */ = {isa = PBXFileReference; lastKnownFileType = sourcecode.swift; path = ContactsTests.swift; sourceTree = "<group>"; };
/* End PBXFileReference section */

/* Begin PBXFrameworksBuildPhase section */
		218FD8741ADDDC6E008C2648 /* Frameworks */ = {
			isa = PBXFrameworksBuildPhase;
			buildActionMask = 2147483647;
			files = (
			);
			runOnlyForDeploymentPostprocessing = 0;
		};
		218FD8891ADDDC6E008C2648 /* Frameworks */ = {
			isa = PBXFrameworksBuildPhase;
			buildActionMask = 2147483647;
			files = (
			);
			runOnlyForDeploymentPostprocessing = 0;
		};
/* End PBXFrameworksBuildPhase section */

/* Begin PBXGroup section */
		218FD86E1ADDDC6E008C2648 = {
			isa = PBXGroup;
			children = (
				218FD8791ADDDC6E008C2648 /* Contacts */,
				218FD88F1ADDDC6E008C2648 /* ContactsTests */,
				218FD8781ADDDC6E008C2648 /* Products */,
			);
			sourceTree = "<group>";
		};
		218FD8781ADDDC6E008C2648 /* Products */ = {
			isa = PBXGroup;
			children = (
				218FD8771ADDDC6E008C2648 /* Contacts.app */,
				218FD88C1ADDDC6E008C2648 /* ContactsTests.xctest */,
			);
			name = Products;
			sourceTree = "<group>";
		};
		218FD8791ADDDC6E008C2648 /* Contacts */ = {
			isa = PBXGroup;
			children = (
				218FD87C1ADDDC6E008C2648 /* AppDelegate.swift */,
				218FD87E1ADDDC6E008C2648 /* ViewController.swift */,
				218FD8801ADDDC6E008C2648 /* Main.storyboard */,
				218FD8831ADDDC6E008C2648 /* Images.xcassets */,
				218FD8851ADDDC6E008C2648 /* LaunchScreen.xib */,
				218FD87A1ADDDC6E008C2648 /* Supporting Files */,
			);
			path = Contacts;
			sourceTree = "<group>";
		};
		218FD87A1ADDDC6E008C2648 /* Supporting Files */ = {
			isa = PBXGroup;
			children = (
				218FD87B1ADDDC6E008C2648 /* Info.plist */,
			);
			name = "Supporting Files";
			sourceTree = "<group>";
		};
		218FD88F1ADDDC6E008C2648 /* ContactsTests */ = {
			isa = PBXGroup;
			children = (
				218FD8921ADDDC6E008C2648 /* ContactsTests.swift */,
				218FD8901ADDDC6E008C2648 /* Supporting Files */,
			);
			path = ContactsTests;
			sourceTree = "<group>";
		};
		218FD8901ADDDC6E008C2648 /* Supporting Files */ = {
			isa = PBXGroup;
			children = (
				218FD8911ADDDC6E008C2648 /* Info.plist */,
			);
			name = "Supporting Files";
			sourceTree = "<group>";
		};
/* End PBXGroup section */

/* Begin PBXNativeTarget section */
		218FD8761ADDDC6E008C2648 /* Contacts */ = {
			isa = PBXNativeTarget;
			buildConfigurationList = 218FD8961ADDDC6E008C2648 /* Build configuration list for PBXNativeTarget "Contacts" */;
			buildPhases = (
				218FD8731ADDDC6E008C2648 /* Sources */,
				218FD8741ADDDC6E008C2648 /* Frameworks */,
				218FD8751ADDDC6E008C2648 /* Resources */,
			);
			buildRules = (
			);
			dependencies = (
			);
			name = Contacts;
			productName = Contacts;
			productReference = 218FD8771ADDDC6E008C2648 /* Contacts.app */;
			productType = "com.apple.product-type.application";
		};
		218FD88B1ADDDC6E008C2648 /* ContactsTests */ = {
			isa = PBXNativeTarget;
			buildConfigurationList = 218FD8991ADDDC6E008C2648 /* Build configuration list for PBXNativeTarget "ContactsTests" */;
			buildPhases = (
				218FD8881ADDDC6E008C2648 /* Sources */,
				218FD8891ADDDC6E008C2648 /* Frameworks */,
				218FD88A1ADDDC6E008C2648 /* Resources */,
			);
			buildRules = (
			);
			dependencies = (
				218FD88E1ADDDC6E008C2648 /* PBXTargetDependency */,
			);
			name = ContactsTests;
			productName = ContactsTests;
			productReference = 218FD88C1ADDDC6E008C2648 /* ContactsTests.xctest */;
			productType = "com.apple.product-type.bundle.unit-test";
		};
/* End PBXNativeTarget section */

/* Begin PBXProject section */
		218FD86F1ADDDC6E008C2648 /* Project object */ = {
			isa = PBXProject;
			attributes = {
				LastUpgradeCheck = 0630;
				ORGANIZATIONNAME = "Aaron Ackerman";
				TargetAttributes = {
					218FD8761ADDDC6E008C2648 = {
						CreatedOnToolsVersion = 6.3;
					};
					218FD88B1ADDDC6E008C2648 = {
						CreatedOnToolsVersion = 6.3;
						TestTargetID = 218FD8761ADDDC6E008C2648;
					};
				};
			};
			buildConfigurationList = 218FD8721ADDDC6E008C2648 /* Build configuration list for PBXProject "Contacts" */;
			compatibilityVersion = "Xcode 3.2";
			developmentRegion = English;
			hasScannedForEncodings = 0;
			knownRegions = (
				en,
				Base,
			);
			mainGroup = 218FD86E1ADDDC6E008C2648;
			productRefGroup = 218FD8781ADDDC6E008C2648 /* Products */;
			projectDirPath = "";
			projectRoot = "";
			targets = (
				218FD8761ADDDC6E008C2648 /* Contacts */,
				218FD88B1ADDDC6E008C2648 /* ContactsTests */,
			);
		};
/* End PBXProject section */

/* Begin PBXResourcesBuildPhase section */
		218FD8751ADDDC6E008C2648 /* Resources */ = {
			isa = PBXResourcesBuildPhase;
			buildActionMask = 2147483647;
			files = (
				218FD8821ADDDC6E008C2648 /* Main.storyboard in Resources */,
				218FD8871ADDDC6E008C2648 /* LaunchScreen.xib in Resources */,
				218FD8841ADDDC6E008C2648 /* Images.xcassets in Resources */,
			);
			runOnlyForDeploymentPostprocessing = 0;
		};
		218FD88A1ADDDC6E008C2648 /* Resources */ = {
			isa = PBXResourcesBuildPhase;
			buildActionMask = 2147483647;
			files = (
			);
			runOnlyForDeploymentPostprocessing = 0;
		};
/* End PBXResourcesBuildPhase section */

/* Begin PBXSourcesBuildPhase section */
		218FD8731ADDDC6E008C2648 /* Sources */ = {
			isa = PBXSourcesBuildPhase;
			buildActionMask = 2147483647;
			files = (
				218FD87F1ADDDC6E008C2648 /* ViewController.swift in Sources */,
				218FD87D1ADDDC6E008C2648 /* AppDelegate.swift in Sources */,
			);
			runOnlyForDeploymentPostprocessing = 0;
		};
		218FD8881ADDDC6E008C2648 /* Sources */ = {
			isa = PBXSourcesBuildPhase;
			buildActionMask = 2147483647;
			files = (
				218FD8931ADDDC6E008C2648 /* ContactsTests.swift in Sources */,
			);
			runOnlyForDeploymentPostprocessing = 0;
		};
/* End PBXSourcesBuildPhase section */

/* Begin PBXTargetDependency section */
		218FD88E1ADDDC6E008C2648 /* PBXTargetDependency */ = {
			isa = PBXTargetDependency;
			target = 218FD8761ADDDC6E008C2648 /* Contacts */;
			targetProxy = 218FD88D1ADDDC6E008C2648 /* PBXContainerItemProxy */;
		};
/* End PBXTargetDependency section */

/* Begin PBXVariantGroup section */
		218FD8801ADDDC6E008C2648 /* Main.storyboard */ = {
			isa = PBXVariantGroup;
			children = (
				218FD8811ADDDC6E008C2648 /* Base */,
			);
			name = Main.storyboard;
			sourceTree = "<group>";
		};
		218FD8851ADDDC6E008C2648 /* LaunchScreen.xib */ = {
			isa = PBXVariantGroup;
			children = (
				218FD8861ADDDC6E008C2648 /* Base */,
			);
			name = LaunchScreen.xib;
			sourceTree = "<group>";
		};
/* End PBXVariantGroup section */

/* Begin XCBuildConfiguration section */
		218FD8941ADDDC6E008C2648 /* Debug */ = {
			isa = XCBuildConfiguration;
			buildSettings = {
				ALWAYS_SEARCH_USER_PATHS = NO;
				CLANG_CXX_LANGUAGE_STANDARD = "gnu++0x";
				CLANG_CXX_LIBRARY = "libc++";
				CLANG_ENABLE_MODULES = YES;
				CLANG_ENABLE_OBJC_ARC = YES;
				CLANG_WARN_BOOL_CONVERSION = YES;
				CLANG_WARN_CONSTANT_CONVERSION = YES;
				CLANG_WARN_DIRECT_OBJC_ISA_USAGE = YES_ERROR;
				CLANG_WARN_EMPTY_BODY = YES;
				CLANG_WARN_ENUM_CONVERSION = YES;
				CLANG_WARN_INT_CONVERSION = YES;
				CLANG_WARN_OBJC_ROOT_CLASS = YES_ERROR;
				CLANG_WARN_UNREACHABLE_CODE = YES;
				CLANG_WARN__DUPLICATE_METHOD_MATCH = YES;
				"CODE_SIGN_IDENTITY[sdk=iphoneos*]" = "iPhone Developer";
				COPY_PHASE_STRIP = NO;
				DEBUG_INFORMATION_FORMAT = "dwarf-with-dsym";
				ENABLE_STRICT_OBJC_MSGSEND = YES;
				GCC_C_LANGUAGE_STANDARD = gnu99;
				GCC_DYNAMIC_NO_PIC = NO;
				GCC_NO_COMMON_BLOCKS = YES;
				GCC_OPTIMIZATION_LEVEL = 0;
				GCC_PREPROCESSOR_DEFINITIONS = (
					"DEBUG=1",
					"$(inherited)",
				);
				GCC_SYMBOLS_PRIVATE_EXTERN = NO;
				GCC_WARN_64_TO_32_BIT_CONVERSION = YES;
				GCC_WARN_ABOUT_RETURN_TYPE = YES_ERROR;
				GCC_WARN_UNDECLARED_SELECTOR = YES;
				GCC_WARN_UNINITIALIZED_AUTOS = YES_AGGRESSIVE;
				GCC_WARN_UNUSED_FUNCTION = YES;
				GCC_WARN_UNUSED_VARIABLE = YES;
				IPHONEOS_DEPLOYMENT_TARGET = 8.3;
				MTL_ENABLE_DEBUG_INFO = YES;
				ONLY_ACTIVE_ARCH = YES;
				SDKROOT = iphoneos;
				SWIFT_OPTIMIZATION_LEVEL = "-Onone";
				TARGETED_DEVICE_FAMILY = "1,2";
			};
			name = Debug;
		};
		218FD8951ADDDC6E008C2648 /* Release */ = {
			isa = XCBuildConfiguration;
			buildSettings = {
				ALWAYS_SEARCH_USER_PATHS = NO;
				CLANG_CXX_LANGUAGE_STANDARD = "gnu++0x";
				CLANG_CXX_LIBRARY = "libc++";
				CLANG_ENABLE_MODULES = YES;
				CLANG_ENABLE_OBJC_ARC = YES;
				CLANG_WARN_BOOL_CONVERSION = YES;
				CLANG_WARN_CONSTANT_CONVERSION = YES;
				CLANG_WARN_DIRECT_OBJC_ISA_USAGE = YES_ERROR;
				CLANG_WARN_EMPTY_BODY = YES;
				CLANG_WARN_ENUM_CONVERSION = YES;
				CLANG_WARN_INT_CONVERSION = YES;
				CLANG_WARN_OBJC_ROOT_CLASS = YES_ERROR;
				CLANG_WARN_UNREACHABLE_CODE = YES;
				CLANG_WARN__DUPLICATE_METHOD_MATCH = YES;
				"CODE_SIGN_IDENTITY[sdk=iphoneos*]" = "iPhone Developer";
				COPY_PHASE_STRIP = NO;
				DEBUG_INFORMATION_FORMAT = "dwarf-with-dsym";
				ENABLE_NS_ASSERTIONS = NO;
				ENABLE_STRICT_OBJC_MSGSEND = YES;
				GCC_C_LANGUAGE_STANDARD = gnu99;
				GCC_NO_COMMON_BLOCKS = YES;
				GCC_WARN_64_TO_32_BIT_CONVERSION = YES;
				GCC_WARN_ABOUT_RETURN_TYPE = YES_ERROR;
				GCC_WARN_UNDECLARED_SELECTOR = YES;
				GCC_WARN_UNINITIALIZED_AUTOS = YES_AGGRESSIVE;
				GCC_WARN_UNUSED_FUNCTION = YES;
				GCC_WARN_UNUSED_VARIABLE = YES;
				IPHONEOS_DEPLOYMENT_TARGET = 8.3;
				MTL_ENABLE_DEBUG_INFO = NO;
				SDKROOT = iphoneos;
				TARGETED_DEVICE_FAMILY = "1,2";
				VALIDATE_PRODUCT = YES;
			};
			name = Release;
		};
		218FD8971ADDDC6E008C2648 /* Debug */ = {
			isa = XCBuildConfiguration;
			buildSettings = {
				ASSETCATALOG_COMPILER_APPICON_NAME = AppIcon;
				INFOPLIST_FILE = Contacts/Info.plist;
				LD_RUNPATH_SEARCH_PATHS = "$(inherited) @executable_path/Frameworks";
				PRODUCT_NAME = "$(TARGET_NAME)";
			};
			name = Debug;
		};
		218FD8981ADDDC6E008C2648 /* Release */ = {
			isa = XCBuildConfiguration;
			buildSettings = {
				ASSETCATALOG_COMPILER_APPICON_NAME = AppIcon;
				INFOPLIST_FILE = Contacts/Info.plist;
				LD_RUNPATH_SEARCH_PATHS = "$(inherited) @executable_path/Frameworks";
				PRODUCT_NAME = "$(TARGET_NAME)";
			};
			name = Release;
		};
		218FD89A1ADDDC6E008C2648 /* Debug */ = {
			isa = XCBuildConfiguration;
			buildSettings = {
				BUNDLE_LOADER = "$(TEST_HOST)";
				FRAMEWORK_SEARCH_PATHS = (
					"$(SDKROOT)/Developer/Library/Frameworks",
					"$(inherited)",
				);
				GCC_PREPROCESSOR_DEFINITIONS = (
					"DEBUG=1",
					"$(inherited)",
				);
				INFOPLIST_FILE = ContactsTests/Info.plist;
				LD_RUNPATH_SEARCH_PATHS = "$(inherited) @executable_path/Frameworks @loader_path/Frameworks";
				PRODUCT_NAME = "$(TARGET_NAME)";
				TEST_HOST = "$(BUILT_PRODUCTS_DIR)/Contacts.app/Contacts";
			};
			name = Debug;
		};
		218FD89B1ADDDC6E008C2648 /* Release */ = {
			isa = XCBuildConfiguration;
			buildSettings = {
				BUNDLE_LOADER = "$(TEST_HOST)";
				FRAMEWORK_SEARCH_PATHS = (
					"$(SDKROOT)/Developer/Library/Frameworks",
					"$(inherited)",
				);
				INFOPLIST_FILE = ContactsTests/Info.plist;
				LD_RUNPATH_SEARCH_PATHS = "$(inherited) @executable_path/Frameworks @loader_path/Frameworks";
				PRODUCT_NAME = "$(TARGET_NAME)";
				TEST_HOST = "$(BUILT_PRODUCTS_DIR)/Contacts.app/Contacts";
			};
			name = Release;
		};
/* End XCBuildConfiguration section */

/* Begin XCConfigurationList section */
		218FD8721ADDDC6E008C2648 /* Build configuration list for PBXProject "Contacts" */ = {
			isa = XCConfigurationList;
			buildConfigurations = (
				218FD8941ADDDC6E008C2648 /* Debug */,
				218FD8951ADDDC6E008C2648 /* Release */,
			);
			defaultConfigurationIsVisible = 0;
			defaultConfigurationName = Release;
		};
		218FD8961ADDDC6E008C2648 /* Build configuration list for PBXNativeTarget "Contacts" */ = {
			isa = XCConfigurationList;
			buildConfigurations = (
				218FD8971ADDDC6E008C2648 /* Debug */,
				218FD8981ADDDC6E008C2648 /* Release */,
			);
			defaultConfigurationIsVisible = 0;
		};
		218FD8991ADDDC6E008C2648 /* Build configuration list for PBXNativeTarget "ContactsTests" */ = {
			isa = XCConfigurationList;
			buildConfigurations = (
				218FD89A1ADDDC6E008C2648 /* Debug */,
				218FD89B1ADDDC6E008C2648 /* Release */,
			);
			defaultConfigurationIsVisible = 0;
		};
/* End XCConfigurationList section */
	};
	rootObject = 218FD86F1ADDDC6E008C2648 /* Project object */;
}
